// !$*UTF8*$!
{
	archiveVersion = 1;
	classes = {
	};
	objectVersion = 55;
	objects = {

/* Begin PBXBuildFile section */
		4F7AA0CD285986D100B2A17C /* TipViewController.m in Sources */ = {isa = PBXBuildFile; fileRef = 4F7AA0CC285986D100B2A17C /* TipViewController.m */; };
		4FC0A29F285981E400DDD5AA /* AppDelegate.m in Sources */ = {isa = PBXBuildFile; fileRef = 4FC0A29E285981E400DDD5AA /* AppDelegate.m */; };
		4FC0A2A2285981E400DDD5AA /* SceneDelegate.m in Sources */ = {isa = PBXBuildFile; fileRef = 4FC0A2A1285981E400DDD5AA /* SceneDelegate.m */; };
		4FC0A2A8285981E400DDD5AA /* Main.storyboard in Resources */ = {isa = PBXBuildFile; fileRef = 4FC0A2A6285981E400DDD5AA /* Main.storyboard */; };
		4FC0A2AA285981E500DDD5AA /* Assets.xcassets in Resources */ = {isa = PBXBuildFile; fileRef = 4FC0A2A9285981E500DDD5AA /* Assets.xcassets */; };
		4FC0A2AD285981E500DDD5AA /* LaunchScreen.storyboard in Resources */ = {isa = PBXBuildFile; fileRef = 4FC0A2AB285981E500DDD5AA /* LaunchScreen.storyboard */; };
		4FC0A2B0285981E500DDD5AA /* main.m in Sources */ = {isa = PBXBuildFile; fileRef = 4FC0A2AF285981E500DDD5AA /* main.m */; };
		4FC0A2BA285981E500DDD5AA /* TipsterTests.m in Sources */ = {isa = PBXBuildFile; fileRef = 4FC0A2B9285981E500DDD5AA /* TipsterTests.m */; };
		4FC0A2C4285981E500DDD5AA /* TipsterUITests.m in Sources */ = {isa = PBXBuildFile; fileRef = 4FC0A2C3285981E500DDD5AA /* TipsterUITests.m */; };
		4FC0A2C6285981E500DDD5AA /* TipsterUITestsLaunchTests.m in Sources */ = {isa = PBXBuildFile; fileRef = 4FC0A2C5285981E500DDD5AA /* TipsterUITestsLaunchTests.m */; };
/* End PBXBuildFile section */

/* Begin PBXContainerItemProxy section */
		4FC0A2B6285981E500DDD5AA /* PBXContainerItemProxy */ = {
			isa = PBXContainerItemProxy;
			containerPortal = 4FC0A292285981E400DDD5AA /* Project object */;
			proxyType = 1;
			remoteGlobalIDString = 4FC0A299285981E400DDD5AA;
			remoteInfo = Tipster;
		};
		4FC0A2C0285981E500DDD5AA /* PBXContainerItemProxy */ = {
			isa = PBXContainerItemProxy;
			containerPortal = 4FC0A292285981E400DDD5AA /* Project object */;
			proxyType = 1;
			remoteGlobalIDString = 4FC0A299285981E400DDD5AA;
			remoteInfo = Tipster;
		};
/* End PBXContainerItemProxy section */

/* Begin PBXFileReference section */
		4F7AA0CB285986D100B2A17C /* TipViewController.h */ = {isa = PBXFileReference; lastKnownFileType = sourcecode.c.h; path = TipViewController.h; sourceTree = "<group>"; };
		4F7AA0CC285986D100B2A17C /* TipViewController.m */ = {isa = PBXFileReference; lastKnownFileType = sourcecode.c.objc; path = TipViewController.m; sourceTree = "<group>"; };
		4FC0A29A285981E400DDD5AA /* Tipster.app */ = {isa = PBXFileReference; explicitFileType = wrapper.application; includeInIndex = 0; path = Tipster.app; sourceTree = BUILT_PRODUCTS_DIR; };
		4FC0A29D285981E400DDD5AA /* AppDelegate.h */ = {isa = PBXFileReference; lastKnownFileType = sourcecode.c.h; path = AppDelegate.h; sourceTree = "<group>"; };
		4FC0A29E285981E400DDD5AA /* AppDelegate.m */ = {isa = PBXFileReference; lastKnownFileType = sourcecode.c.objc; path = AppDelegate.m; sourceTree = "<group>"; };
		4FC0A2A0285981E400DDD5AA /* SceneDelegate.h */ = {isa = PBXFileReference; lastKnownFileType = sourcecode.c.h; path = SceneDelegate.h; sourceTree = "<group>"; };
		4FC0A2A1285981E400DDD5AA /* SceneDelegate.m */ = {isa = PBXFileReference; lastKnownFileType = sourcecode.c.objc; path = SceneDelegate.m; sourceTree = "<group>"; };
		4FC0A2A7285981E400DDD5AA /* Base */ = {isa = PBXFileReference; lastKnownFileType = file.storyboard; name = Base; path = Base.lproj/Main.storyboard; sourceTree = "<group>"; };
		4FC0A2A9285981E500DDD5AA /* Assets.xcassets */ = {isa = PBXFileReference; lastKnownFileType = folder.assetcatalog; path = Assets.xcassets; sourceTree = "<group>"; };
		4FC0A2AC285981E500DDD5AA /* Base */ = {isa = PBXFileReference; lastKnownFileType = file.storyboard; name = Base; path = Base.lproj/LaunchScreen.storyboard; sourceTree = "<group>"; };
		4FC0A2AE285981E500DDD5AA /* Info.plist */ = {isa = PBXFileReference; lastKnownFileType = text.plist.xml; path = Info.plist; sourceTree = "<group>"; };
		4FC0A2AF285981E500DDD5AA /* main.m */ = {isa = PBXFileReference; lastKnownFileType = sourcecode.c.objc; path = main.m; sourceTree = "<group>"; };
		4FC0A2B5285981E500DDD5AA /* TipsterTests.xctest */ = {isa = PBXFileReference; explicitFileType = wrapper.cfbundle; includeInIndex = 0; path = TipsterTests.xctest; sourceTree = BUILT_PRODUCTS_DIR; };
		4FC0A2B9285981E500DDD5AA /* TipsterTests.m */ = {isa = PBXFileReference; lastKnownFileType = sourcecode.c.objc; path = TipsterTests.m; sourceTree = "<group>"; };
		4FC0A2BF285981E500DDD5AA /* TipsterUITests.xctest */ = {isa = PBXFileReference; explicitFileType = wrapper.cfbundle; includeInIndex = 0; path = TipsterUITests.xctest; sourceTree = BUILT_PRODUCTS_DIR; };
		4FC0A2C3285981E500DDD5AA /* TipsterUITests.m */ = {isa = PBXFileReference; lastKnownFileType = sourcecode.c.objc; path = TipsterUITests.m; sourceTree = "<group>"; };
		4FC0A2C5285981E500DDD5AA /* TipsterUITestsLaunchTests.m */ = {isa = PBXFileReference; lastKnownFileType = sourcecode.c.objc; path = TipsterUITestsLaunchTests.m; sourceTree = "<group>"; };
/* End PBXFileReference section */

/* Begin PBXFrameworksBuildPhase section */
		4FC0A297285981E400DDD5AA /* Frameworks */ = {
			isa = PBXFrameworksBuildPhase;
			buildActionMask = 2147483647;
			files = (
			);
			runOnlyForDeploymentPostprocessing = 0;
		};
		4FC0A2B2285981E500DDD5AA /* Frameworks */ = {
			isa = PBXFrameworksBuildPhase;
			buildActionMask = 2147483647;
			files = (
			);
			runOnlyForDeploymentPostprocessing = 0;
		};
		4FC0A2BC285981E500DDD5AA /* Frameworks */ = {
			isa = PBXFrameworksBuildPhase;
			buildActionMask = 2147483647;
			files = (
			);
			runOnlyForDeploymentPostprocessing = 0;
		};
/* End PBXFrameworksBuildPhase section */

/* Begin PBXGroup section */
		4FC0A291285981E400DDD5AA = {
			isa = PBXGroup;
			children = (
				4FC0A29C285981E400DDD5AA /* Tipster */,
				4FC0A2B8285981E500DDD5AA /* TipsterTests */,
				4FC0A2C2285981E500DDD5AA /* TipsterUITests */,
				4FC0A29B285981E400DDD5AA /* Products */,
			);
			sourceTree = "<group>";
		};
		4FC0A29B285981E400DDD5AA /* Products */ = {
			isa = PBXGroup;
			children = (
				4FC0A29A285981E400DDD5AA /* Tipster.app */,
				4FC0A2B5285981E500DDD5AA /* TipsterTests.xctest */,
				4FC0A2BF285981E500DDD5AA /* TipsterUITests.xctest */,
			);
			name = Products;
			sourceTree = "<group>";
		};
		4FC0A29C285981E400DDD5AA /* Tipster */ = {
			isa = PBXGroup;
			children = (
				4FC0A29D285981E400DDD5AA /* AppDelegate.h */,
				4FC0A29E285981E400DDD5AA /* AppDelegate.m */,
				4FC0A2A0285981E400DDD5AA /* SceneDelegate.h */,
				4FC0A2A1285981E400DDD5AA /* SceneDelegate.m */,
				4FC0A2A6285981E400DDD5AA /* Main.storyboard */,
				4F7AA0CB285986D100B2A17C /* TipViewController.h */,
				4F7AA0CC285986D100B2A17C /* TipViewController.m */,
				4FC0A2A9285981E500DDD5AA /* Assets.xcassets */,
				4FC0A2AB285981E500DDD5AA /* LaunchScreen.storyboard */,
				4FC0A2AE285981E500DDD5AA /* Info.plist */,
				4FC0A2AF285981E500DDD5AA /* main.m */,
			);
			path = Tipster;
			sourceTree = "<group>";
		};
		4FC0A2B8285981E500DDD5AA /* TipsterTests */ = {
			isa = PBXGroup;
			children = (
				4FC0A2B9285981E500DDD5AA /* TipsterTests.m */,
			);
			path = TipsterTests;
			sourceTree = "<group>";
		};
		4FC0A2C2285981E500DDD5AA /* TipsterUITests */ = {
			isa = PBXGroup;
			children = (
				4FC0A2C3285981E500DDD5AA /* TipsterUITests.m */,
				4FC0A2C5285981E500DDD5AA /* TipsterUITestsLaunchTests.m */,
			);
			path = TipsterUITests;
			sourceTree = "<group>";
		};
/* End PBXGroup section */

/* Begin PBXNativeTarget section */
		4FC0A299285981E400DDD5AA /* Tipster */ = {
			isa = PBXNativeTarget;
			buildConfigurationList = 4FC0A2C9285981E500DDD5AA /* Build configuration list for PBXNativeTarget "Tipster" */;
			buildPhases = (
				4FC0A296285981E400DDD5AA /* Sources */,
				4FC0A297285981E400DDD5AA /* Frameworks */,
				4FC0A298285981E400DDD5AA /* Resources */,
			);
			buildRules = (
			);
			dependencies = (
			);
			name = Tipster;
			productName = Tipster;
			productReference = 4FC0A29A285981E400DDD5AA /* Tipster.app */;
			productType = "com.apple.product-type.application";
		};
		4FC0A2B4285981E500DDD5AA /* TipsterTests */ = {
			isa = PBXNativeTarget;
			buildConfigurationList = 4FC0A2CC285981E500DDD5AA /* Build configuration list for PBXNativeTarget "TipsterTests" */;
			buildPhases = (
				4FC0A2B1285981E500DDD5AA /* Sources */,
				4FC0A2B2285981E500DDD5AA /* Frameworks */,
				4FC0A2B3285981E500DDD5AA /* Resources */,
			);
			buildRules = (
			);
			dependencies = (
				4FC0A2B7285981E500DDD5AA /* PBXTargetDependency */,
			);
			name = TipsterTests;
			productName = TipsterTests;
			productReference = 4FC0A2B5285981E500DDD5AA /* TipsterTests.xctest */;
			productType = "com.apple.product-type.bundle.unit-test";
		};
		4FC0A2BE285981E500DDD5AA /* TipsterUITests */ = {
			isa = PBXNativeTarget;
			buildConfigurationList = 4FC0A2CF285981E500DDD5AA /* Build configuration list for PBXNativeTarget "TipsterUITests" */;
			buildPhases = (
				4FC0A2BB285981E500DDD5AA /* Sources */,
				4FC0A2BC285981E500DDD5AA /* Frameworks */,
				4FC0A2BD285981E500DDD5AA /* Resources */,
			);
			buildRules = (
			);
			dependencies = (
				4FC0A2C1285981E500DDD5AA /* PBXTargetDependency */,
			);
			name = TipsterUITests;
			productName = TipsterUITests;
			productReference = 4FC0A2BF285981E500DDD5AA /* TipsterUITests.xctest */;
			productType = "com.apple.product-type.bundle.ui-testing";
		};
/* End PBXNativeTarget section */

/* Begin PBXProject section */
		4FC0A292285981E400DDD5AA /* Project object */ = {
			isa = PBXProject;
			attributes = {
				BuildIndependentTargetsInParallel = 1;
				LastUpgradeCheck = 1340;
				TargetAttributes = {
					4FC0A299285981E400DDD5AA = {
						CreatedOnToolsVersion = 13.4;
					};
					4FC0A2B4285981E500DDD5AA = {
						CreatedOnToolsVersion = 13.4;
						TestTargetID = 4FC0A299285981E400DDD5AA;
					};
					4FC0A2BE285981E500DDD5AA = {
						CreatedOnToolsVersion = 13.4;
						TestTargetID = 4FC0A299285981E400DDD5AA;
					};
				};
			};
			buildConfigurationList = 4FC0A295285981E400DDD5AA /* Build configuration list for PBXProject "Tipster" */;
			compatibilityVersion = "Xcode 13.0";
			developmentRegion = en;
			hasScannedForEncodings = 0;
			knownRegions = (
				en,
				Base,
			);
			mainGroup = 4FC0A291285981E400DDD5AA;
			productRefGroup = 4FC0A29B285981E400DDD5AA /* Products */;
			projectDirPath = "";
			projectRoot = "";
			targets = (
				4FC0A299285981E400DDD5AA /* Tipster */,
				4FC0A2B4285981E500DDD5AA /* TipsterTests */,
				4FC0A2BE285981E500DDD5AA /* TipsterUITests */,
			);
		};
/* End PBXProject section */

/* Begin PBXResourcesBuildPhase section */
		4FC0A298285981E400DDD5AA /* Resources */ = {
			isa = PBXResourcesBuildPhase;
			buildActionMask = 2147483647;
			files = (
				4FC0A2AD285981E500DDD5AA /* LaunchScreen.storyboard in Resources */,
				4FC0A2AA285981E500DDD5AA /* Assets.xcassets in Resources */,
				4FC0A2A8285981E400DDD5AA /* Main.storyboard in Resources */,
			);
			runOnlyForDeploymentPostprocessing = 0;
		};
		4FC0A2B3285981E500DDD5AA /* Resources */ = {
			isa = PBXResourcesBuildPhase;
			buildActionMask = 2147483647;
			files = (
			);
			runOnlyForDeploymentPostprocessing = 0;
		};
		4FC0A2BD285981E500DDD5AA /* Resources */ = {
			isa = PBXResourcesBuildPhase;
			buildActionMask = 2147483647;
			files = (
			);
			runOnlyForDeploymentPostprocessing = 0;
		};
/* End PBXResourcesBuildPhase section */

/* Begin PBXSourcesBuildPhase section */
		4FC0A296285981E400DDD5AA /* Sources */ = {
			isa = PBXSourcesBuildPhase;
			buildActionMask = 2147483647;
			files = (
				4FC0A29F285981E400DDD5AA /* AppDelegate.m in Sources */,
				4FC0A2B0285981E500DDD5AA /* main.m in Sources */,
				4F7AA0CD285986D100B2A17C /* TipViewController.m in Sources */,
				4FC0A2A2285981E400DDD5AA /* SceneDelegate.m in Sources */,
			);
			runOnlyForDeploymentPostprocessing = 0;
		};
		4FC0A2B1285981E500DDD5AA /* Sources */ = {
			isa = PBXSourcesBuildPhase;
			buildActionMask = 2147483647;
			files = (
				4FC0A2BA285981E500DDD5AA /* TipsterTests.m in Sources */,
			);
			runOnlyForDeploymentPostprocessing = 0;
		};
		4FC0A2BB285981E500DDD5AA /* Sources */ = {
			isa = PBXSourcesBuildPhase;
			buildActionMask = 2147483647;
			files = (
				4FC0A2C6285981E500DDD5AA /* TipsterUITestsLaunchTests.m in Sources */,
				4FC0A2C4285981E500DDD5AA /* TipsterUITests.m in Sources */,
			);
			runOnlyForDeploymentPostprocessing = 0;
		};
/* End PBXSourcesBuildPhase section */

/* Begin PBXTargetDependency section */
		4FC0A2B7285981E500DDD5AA /* PBXTargetDependency */ = {
			isa = PBXTargetDependency;
			target = 4FC0A299285981E400DDD5AA /* Tipster */;
			targetProxy = 4FC0A2B6285981E500DDD5AA /* PBXContainerItemProxy */;
		};
		4FC0A2C1285981E500DDD5AA /* PBXTargetDependency */ = {
			isa = PBXTargetDependency;
			target = 4FC0A299285981E400DDD5AA /* Tipster */;
			targetProxy = 4FC0A2C0285981E500DDD5AA /* PBXContainerItemProxy */;
		};
/* End PBXTargetDependency section */

/* Begin PBXVariantGroup section */
		4FC0A2A6285981E400DDD5AA /* Main.storyboard */ = {
			isa = PBXVariantGroup;
			children = (
				4FC0A2A7285981E400DDD5AA /* Base */,
			);
			name = Main.storyboard;
			sourceTree = "<group>";
		};
		4FC0A2AB285981E500DDD5AA /* LaunchScreen.storyboard */ = {
			isa = PBXVariantGroup;
			children = (
				4FC0A2AC285981E500DDD5AA /* Base */,
			);
			name = LaunchScreen.storyboard;
			sourceTree = "<group>";
		};
/* End PBXVariantGroup section */

/* Begin XCBuildConfiguration section */
		4FC0A2C7285981E500DDD5AA /* Debug */ = {
			isa = XCBuildConfiguration;
			buildSettings = {
				ALWAYS_SEARCH_USER_PATHS = NO;
				CLANG_ANALYZER_NONNULL = YES;
				CLANG_ANALYZER_NUMBER_OBJECT_CONVERSION = YES_AGGRESSIVE;
				CLANG_CXX_LANGUAGE_STANDARD = "gnu++17";
				CLANG_ENABLE_MODULES = YES;
				CLANG_ENABLE_OBJC_ARC = YES;
				CLANG_ENABLE_OBJC_WEAK = YES;
				CLANG_WARN_BLOCK_CAPTURE_AUTORELEASING = YES;
				CLANG_WARN_BOOL_CONVERSION = YES;
				CLANG_WARN_COMMA = YES;
				CLANG_WARN_CONSTANT_CONVERSION = YES;
				CLANG_WARN_DEPRECATED_OBJC_IMPLEMENTATIONS = YES;
				CLANG_WARN_DIRECT_OBJC_ISA_USAGE = YES_ERROR;
				CLANG_WARN_DOCUMENTATION_COMMENTS = YES;
				CLANG_WARN_EMPTY_BODY = YES;
				CLANG_WARN_ENUM_CONVERSION = YES;
				CLANG_WARN_INFINITE_RECURSION = YES;
				CLANG_WARN_INT_CONVERSION = YES;
				CLANG_WARN_NON_LITERAL_NULL_CONVERSION = YES;
				CLANG_WARN_OBJC_IMPLICIT_RETAIN_SELF = YES;
				CLANG_WARN_OBJC_LITERAL_CONVERSION = YES;
				CLANG_WARN_OBJC_ROOT_CLASS = YES_ERROR;
				CLANG_WARN_QUOTED_INCLUDE_IN_FRAMEWORK_HEADER = YES;
				CLANG_WARN_RANGE_LOOP_ANALYSIS = YES;
				CLANG_WARN_STRICT_PROTOTYPES = YES;
				CLANG_WARN_SUSPICIOUS_MOVE = YES;
				CLANG_WARN_UNGUARDED_AVAILABILITY = YES_AGGRESSIVE;
				CLANG_WARN_UNREACHABLE_CODE = YES;
				CLANG_WARN__DUPLICATE_METHOD_MATCH = YES;
				COPY_PHASE_STRIP = NO;
				DEBUG_INFORMATION_FORMAT = dwarf;
				ENABLE_STRICT_OBJC_MSGSEND = YES;
				ENABLE_TESTABILITY = YES;
				GCC_C_LANGUAGE_STANDARD = gnu11;
				GCC_DYNAMIC_NO_PIC = NO;
				GCC_NO_COMMON_BLOCKS = YES;
				GCC_OPTIMIZATION_LEVEL = 0;
				GCC_PREPROCESSOR_DEFINITIONS = (
					"DEBUG=1",
					"$(inherited)",
				);
				GCC_WARN_64_TO_32_BIT_CONVERSION = YES;
				GCC_WARN_ABOUT_RETURN_TYPE = YES_ERROR;
				GCC_WARN_UNDECLARED_SELECTOR = YES;
				GCC_WARN_UNINITIALIZED_AUTOS = YES_AGGRESSIVE;
				GCC_WARN_UNUSED_FUNCTION = YES;
				GCC_WARN_UNUSED_VARIABLE = YES;
				IPHONEOS_DEPLOYMENT_TARGET = 15.5;
				MTL_ENABLE_DEBUG_INFO = INCLUDE_SOURCE;
				MTL_FAST_MATH = YES;
				ONLY_ACTIVE_ARCH = YES;
				SDKROOT = iphoneos;
			};
			name = Debug;
		};
		4FC0A2C8285981E500DDD5AA /* Release */ = {
			isa = XCBuildConfiguration;
			buildSettings = {
				ALWAYS_SEARCH_USER_PATHS = NO;
				CLANG_ANALYZER_NONNULL = YES;
				CLANG_ANALYZER_NUMBER_OBJECT_CONVERSION = YES_AGGRESSIVE;
				CLANG_CXX_LANGUAGE_STANDARD = "gnu++17";
				CLANG_ENABLE_MODULES = YES;
				CLANG_ENABLE_OBJC_ARC = YES;
				CLANG_ENABLE_OBJC_WEAK = YES;
				CLANG_WARN_BLOCK_CAPTURE_AUTORELEASING = YES;
				CLANG_WARN_BOOL_CONVERSION = YES;
				CLANG_WARN_COMMA = YES;
				CLANG_WARN_CONSTANT_CONVERSION = YES;
				CLANG_WARN_DEPRECATED_OBJC_IMPLEMENTATIONS = YES;
				CLANG_WARN_DIRECT_OBJC_ISA_USAGE = YES_ERROR;
				CLANG_WARN_DOCUMENTATION_COMMENTS = YES;
				CLANG_WARN_EMPTY_BODY = YES;
				CLANG_WARN_ENUM_CONVERSION = YES;
				CLANG_WARN_INFINITE_RECURSION = YES;
				CLANG_WARN_INT_CONVERSION = YES;
				CLANG_WARN_NON_LITERAL_NULL_CONVERSION = YES;
				CLANG_WARN_OBJC_IMPLICIT_RETAIN_SELF = YES;
				CLANG_WARN_OBJC_LITERAL_CONVERSION = YES;
				CLANG_WARN_OBJC_ROOT_CLASS = YES_ERROR;
				CLANG_WARN_QUOTED_INCLUDE_IN_FRAMEWORK_HEADER = YES;
				CLANG_WARN_RANGE_LOOP_ANALYSIS = YES;
				CLANG_WARN_STRICT_PROTOTYPES = YES;
				CLANG_WARN_SUSPICIOUS_MOVE = YES;
				CLANG_WARN_UNGUARDED_AVAILABILITY = YES_AGGRESSIVE;
				CLANG_WARN_UNREACHABLE_CODE = YES;
				CLANG_WARN__DUPLICATE_METHOD_MATCH = YES;
				COPY_PHASE_STRIP = NO;
				DEBUG_INFORMATION_FORMAT = "dwarf-with-dsym";
				ENABLE_NS_ASSERTIONS = NO;
				ENABLE_STRICT_OBJC_MSGSEND = YES;
				GCC_C_LANGUAGE_STANDARD = gnu11;
				GCC_NO_COMMON_BLOCKS = YES;
				GCC_WARN_64_TO_32_BIT_CONVERSION = YES;
				GCC_WARN_ABOUT_RETURN_TYPE = YES_ERROR;
				GCC_WARN_UNDECLARED_SELECTOR = YES;
				GCC_WARN_UNINITIALIZED_AUTOS = YES_AGGRESSIVE;
				GCC_WARN_UNUSED_FUNCTION = YES;
				GCC_WARN_UNUSED_VARIABLE = YES;
				IPHONEOS_DEPLOYMENT_TARGET = 15.5;
				MTL_ENABLE_DEBUG_INFO = NO;
				MTL_FAST_MATH = YES;
				SDKROOT = iphoneos;
				VALIDATE_PRODUCT = YES;
			};
			name = Release;
		};
		4FC0A2CA285981E500DDD5AA /* Debug */ = {
			isa = XCBuildConfiguration;
			buildSettings = {
				ASSETCATALOG_COMPILER_APPICON_NAME = AppIcon;
				ASSETCATALOG_COMPILER_GLOBAL_ACCENT_COLOR_NAME = AccentColor;
				CODE_SIGN_STYLE = Automatic;
				CURRENT_PROJECT_VERSION = 1;
				GENERATE_INFOPLIST_FILE = YES;
				INFOPLIST_FILE = Tipster/Info.plist;
				INFOPLIST_KEY_UIApplicationSupportsIndirectInputEvents = YES;
				INFOPLIST_KEY_UILaunchStoryboardName = LaunchScreen;
				INFOPLIST_KEY_UIMainStoryboardFile = Main;
				INFOPLIST_KEY_UISupportedInterfaceOrientations_iPad = "UIInterfaceOrientationPortrait UIInterfaceOrientationPortraitUpsideDown UIInterfaceOrientationLandscapeLeft UIInterfaceOrientationLandscapeRight";
				INFOPLIST_KEY_UISupportedInterfaceOrientations_iPhone = "UIInterfaceOrientationPortrait UIInterfaceOrientationLandscapeLeft UIInterfaceOrientationLandscapeRight";
				LD_RUNPATH_SEARCH_PATHS = (
					"$(inherited)",
					"@executable_path/Frameworks",
				);
				MARKETING_VERSION = 1.0;
				PRODUCT_BUNDLE_IDENTIFIER = com.codepath.Tipster;
				PRODUCT_NAME = "$(TARGET_NAME)";
				SWIFT_EMIT_LOC_STRINGS = YES;
				TARGETED_DEVICE_FAMILY = "1,2";
			};
			name = Debug;
		};
		4FC0A2CB285981E500DDD5AA /* Release */ = {
			isa = XCBuildConfiguration;
			buildSettings = {
				ASSETCATALOG_COMPILER_APPICON_NAME = AppIcon;
				ASSETCATALOG_COMPILER_GLOBAL_ACCENT_COLOR_NAME = AccentColor;
				CODE_SIGN_STYLE = Automatic;
				CURRENT_PROJECT_VERSION = 1;
				GENERATE_INFOPLIST_FILE = YES;
				INFOPLIST_FILE = Tipster/Info.plist;
				INFOPLIST_KEY_UIApplicationSupportsIndirectInputEvents = YES;
				INFOPLIST_KEY_UILaunchStoryboardName = LaunchScreen;
				INFOPLIST_KEY_UIMainStoryboardFile = Main;
				INFOPLIST_KEY_UISupportedInterfaceOrientations_iPad = "UIInterfaceOrientationPortrait UIInterfaceOrientationPortraitUpsideDown UIInterfaceOrientationLandscapeLeft UIInterfaceOrientationLandscapeRight";
				INFOPLIST_KEY_UISupportedInterfaceOrientations_iPhone = "UIInterfaceOrientationPortrait UIInterfaceOrientationLandscapeLeft UIInterfaceOrientationLandscapeRight";
				LD_RUNPATH_SEARCH_PATHS = (
					"$(inherited)",
					"@executable_path/Frameworks",
				);
				MARKETING_VERSION = 1.0;
				PRODUCT_BUNDLE_IDENTIFIER = com.codepath.Tipster;
				PRODUCT_NAME = "$(TARGET_NAME)";
				SWIFT_EMIT_LOC_STRINGS = YES;
				TARGETED_DEVICE_FAMILY = "1,2";
			};
			name = Release;
		};
		4FC0A2CD285981E500DDD5AA /* Debug */ = {
			isa = XCBuildConfiguration;
			buildSettings = {
				BUNDLE_LOADER = "$(TEST_HOST)";
				CODE_SIGN_STYLE = Automatic;
				CURRENT_PROJECT_VERSION = 1;
				GENERATE_INFOPLIST_FILE = YES;
				IPHONEOS_DEPLOYMENT_TARGET = 15.5;
				MARKETING_VERSION = 1.0;
				PRODUCT_BUNDLE_IDENTIFIER = com.codepath.TipsterTests;
				PRODUCT_NAME = "$(TARGET_NAME)";
				SWIFT_EMIT_LOC_STRINGS = NO;
				TARGETED_DEVICE_FAMILY = "1,2";
				TEST_HOST = "$(BUILT_PRODUCTS_DIR)/Tipster.app/Tipster";
			};
			name = Debug;
		};
		4FC0A2CE285981E500DDD5AA /* Release */ = {
			isa = XCBuildConfiguration;
			buildSettings = {
				BUNDLE_LOADER = "$(TEST_HOST)";
				CODE_SIGN_STYLE = Automatic;
				CURRENT_PROJECT_VERSION = 1;
				GENERATE_INFOPLIST_FILE = YES;
				IPHONEOS_DEPLOYMENT_TARGET = 15.5;
				MARKETING_VERSION = 1.0;
				PRODUCT_BUNDLE_IDENTIFIER = com.codepath.TipsterTests;
				PRODUCT_NAME = "$(TARGET_NAME)";
				SWIFT_EMIT_LOC_STRINGS = NO;
				TARGETED_DEVICE_FAMILY = "1,2";
				TEST_HOST = "$(BUILT_PRODUCTS_DIR)/Tipster.app/Tipster";
			};
			name = Release;
		};
		4FC0A2D0285981E500DDD5AA /* Debug */ = {
			isa = XCBuildConfiguration;
			buildSettings = {
				CODE_SIGN_STYLE = Automatic;
				CURRENT_PROJECT_VERSION = 1;
				GENERATE_INFOPLIST_FILE = YES;
				MARKETING_VERSION = 1.0;
				PRODUCT_BUNDLE_IDENTIFIER = com.codepath.TipsterUITests;
				PRODUCT_NAME = "$(TARGET_NAME)";
				SWIFT_EMIT_LOC_STRINGS = NO;
				TARGETED_DEVICE_FAMILY = "1,2";
				TEST_TARGET_NAME = Tipster;
			};
			name = Debug;
		};
		4FC0A2D1285981E500DDD5AA /* Release */ = {
			isa = XCBuildConfiguration;
			buildSettings = {
				CODE_SIGN_STYLE = Automatic;
				CURRENT_PROJECT_VERSION = 1;
				GENERATE_INFOPLIST_FILE = YES;
				MARKETING_VERSION = 1.0;
				PRODUCT_BUNDLE_IDENTIFIER = com.codepath.TipsterUITests;
				PRODUCT_NAME = "$(TARGET_NAME)";
				SWIFT_EMIT_LOC_STRINGS = NO;
				TARGETED_DEVICE_FAMILY = "1,2";
				TEST_TARGET_NAME = Tipster;
			};
			name = Release;
		};
/* End XCBuildConfiguration section */

/* Begin XCConfigurationList section */
		4FC0A295285981E400DDD5AA /* Build configuration list for PBXProject "Tipster" */ = {
			isa = XCConfigurationList;
			buildConfigurations = (
				4FC0A2C7285981E500DDD5AA /* Debug */,
				4FC0A2C8285981E500DDD5AA /* Release */,
			);
			defaultConfigurationIsVisible = 0;
			defaultConfigurationName = Release;
		};
		4FC0A2C9285981E500DDD5AA /* Build configuration list for PBXNativeTarget "Tipster" */ = {
			isa = XCConfigurationList;
			buildConfigurations = (
				4FC0A2CA285981E500DDD5AA /* Debug */,
				4FC0A2CB285981E500DDD5AA /* Release */,
			);
			defaultConfigurationIsVisible = 0;
			defaultConfigurationName = Release;
		};
		4FC0A2CC285981E500DDD5AA /* Build configuration list for PBXNativeTarget "TipsterTests" */ = {
			isa = XCConfigurationList;
			buildConfigurations = (
				4FC0A2CD285981E500DDD5AA /* Debug */,
				4FC0A2CE285981E500DDD5AA /* Release */,
			);
			defaultConfigurationIsVisible = 0;
			defaultConfigurationName = Release;
		};
		4FC0A2CF285981E500DDD5AA /* Build configuration list for PBXNativeTarget "TipsterUITests" */ = {
			isa = XCConfigurationList;
			buildConfigurations = (
				4FC0A2D0285981E500DDD5AA /* Debug */,
				4FC0A2D1285981E500DDD5AA /* Release */,
			);
			defaultConfigurationIsVisible = 0;
			defaultConfigurationName = Release;
		};
/* End XCConfigurationList section */
	};
	rootObject = 4FC0A292285981E400DDD5AA /* Project object */;
}
